
Microsoft Visual Studio Solution File, Format Version 12.00
# Visual Studio Version 17
VisualStudioVersion = 17.9.34607.119
MinimumVisualStudioVersion = 10.0.40219.1
Project("{FAE04EC0-301F-11D3-BF4B-00C04F79EFBC}") = "maze game", "maze game\maze game.csproj", "{17D7EF86-2D24-4D00-9292-171B05A1AF38}"
EndProject
Global
	GlobalSection(SolutionConfigurationPlatforms) = preSolution
		Debug|Any CPU = Debug|Any CPU
		Release|Any CPU = Release|Any CPU
	EndGlobalSection
	GlobalSection(ProjectConfigurationPlatforms) = postSolution
		{17D7EF86-2D24-4D00-9292-171B05A1AF38}.Debug|Any CPU.ActiveCfg = Debug|Any CPU
		{17D7EF86-2D24-4D00-9292-171B05A1AF38}.Debug|Any CPU.Build.0 = Debug|Any CPU
		{17D7EF86-2D24-4D00-9292-171B05A1AF38}.Release|Any CPU.ActiveCfg = Release|Any CPU
		{17D7EF86-2D24-4D00-9292-171B05A1AF38}.Release|Any CPU.Build.0 = Release|Any CPU
	EndGlobalSection
	GlobalSection(SolutionProperties) = preSolution
		HideSolutionNode = FALSE
	EndGlobalSection
	GlobalSection(ExtensibilityGlobals) = postSolution
		SolutionGuid = {5DD07ACC-CC92-4294-A9B5-E4CC70FCFC61}
	EndGlobalSection
EndGlobal
